
Microsoft Visual Studio Solution File, Format Version 12.00
# Visual Studio Version 17
VisualStudioVersion = 17.2.32602.215
MinimumVisualStudioVersion = 10.0.40219.1
Project("{9A19103F-16F7-4668-BE54-9A1E7A4F7556}") = "Soltys.JsonFishOil", "src\Soltys.JsonFishOil\Soltys.JsonFishOil.csproj", "{1EA9A62B-8767-4242-80F0-2B0FCCC631C3}"
EndProject
Project("{9A19103F-16F7-4668-BE54-9A1E7A4F7556}") = "Soltys.JsonFishOil.App", "src\Soltys.JsonFishOil.App\Soltys.JsonFishOil.App.csproj", "{A4697521-6722-4C4A-8BA8-558102B3B844}"
EndProject
Project("{9A19103F-16F7-4668-BE54-9A1E7A4F7556}") = "Soltys.JsonFishOil.Test", "src\Soltys.JsonFishOil.Test\Soltys.JsonFishOil.Test.csproj", "{543721C5-D3E8-42C3-B25B-19D8CAF20FDA}"
EndProject
Global
	GlobalSection(SolutionConfigurationPlatforms) = preSolution
		Debug|Any CPU = Debug|Any CPU
		Release|Any CPU = Release|Any CPU
	EndGlobalSection
	GlobalSection(ProjectConfigurationPlatforms) = postSolution
		{1EA9A62B-8767-4242-80F0-2B0FCCC631C3}.Debug|Any CPU.ActiveCfg = Debug|Any CPU
		{1EA9A62B-8767-4242-80F0-2B0FCCC631C3}.Debug|Any CPU.Build.0 = Debug|Any CPU
		{1EA9A62B-8767-4242-80F0-2B0FCCC631C3}.Release|Any CPU.ActiveCfg = Release|Any CPU
		{1EA9A62B-8767-4242-80F0-2B0FCCC631C3}.Release|Any CPU.Build.0 = Release|Any CPU
		{A4697521-6722-4C4A-8BA8-558102B3B844}.Debug|Any CPU.ActiveCfg = Debug|Any CPU
		{A4697521-6722-4C4A-8BA8-558102B3B844}.Debug|Any CPU.Build.0 = Debug|Any CPU
		{A4697521-6722-4C4A-8BA8-558102B3B844}.Release|Any CPU.ActiveCfg = Release|Any CPU
		{A4697521-6722-4C4A-8BA8-558102B3B844}.Release|Any CPU.Build.0 = Release|Any CPU
		{543721C5-D3E8-42C3-B25B-19D8CAF20FDA}.Debug|Any CPU.ActiveCfg = Debug|Any CPU
		{543721C5-D3E8-42C3-B25B-19D8CAF20FDA}.Debug|Any CPU.Build.0 = Debug|Any CPU
		{543721C5-D3E8-42C3-B25B-19D8CAF20FDA}.Release|Any CPU.ActiveCfg = Release|Any CPU
		{543721C5-D3E8-42C3-B25B-19D8CAF20FDA}.Release|Any CPU.Build.0 = Release|Any CPU
	EndGlobalSection
	GlobalSection(SolutionProperties) = preSolution
		HideSolutionNode = FALSE
	EndGlobalSection
	GlobalSection(ExtensibilityGlobals) = postSolution
		SolutionGuid = {8E4B0FBB-E273-4934-9D8B-DA4299B3D30E}
	EndGlobalSection
EndGlobal
